
Microsoft Visual Studio Solution File, Format Version 12.00
# Visual Studio Version 16
VisualStudioVersion = 25.0.1700.0
MinimumVisualStudioVersion = 10.0.40219.1
Project("{FAE04EC0-301F-11D3-BF4B-00C04F79EFBC}") = "HomeWork3", "HomeWork3.csproj", "{7755774A-A6AE-4649-BECA-8EAE52F92EE4}"
EndProject
Global
	GlobalSection(SolutionConfigurationPlatforms) = preSolution
		Debug|Any CPU = Debug|Any CPU
		Release|Any CPU = Release|Any CPU
	EndGlobalSection
	GlobalSection(ProjectConfigurationPlatforms) = postSolution
		{7755774A-A6AE-4649-BECA-8EAE52F92EE4}.Debug|Any CPU.ActiveCfg = Debug|Any CPU
		{7755774A-A6AE-4649-BECA-8EAE52F92EE4}.Debug|Any CPU.Build.0 = Debug|Any CPU
		{7755774A-A6AE-4649-BECA-8EAE52F92EE4}.Release|Any CPU.ActiveCfg = Release|Any CPU
		{7755774A-A6AE-4649-BECA-8EAE52F92EE4}.Release|Any CPU.Build.0 = Release|Any CPU
	EndGlobalSection
	GlobalSection(SolutionProperties) = preSolution
		HideSolutionNode = FALSE
	EndGlobalSection
	GlobalSection(ExtensibilityGlobals) = postSolution
		SolutionGuid = {8EBA0739-FB07-44A3-B690-120B0AB64CE4}
	EndGlobalSection
EndGlobal
